{
    "_meta": {
        "hash": {
            "sha256": "475038ce5056138eb3376b73d8587be6b8b42ac0808ac116061cd4db4936d468"
        },
        "pipfile-spec": 6,
        "requires": {
            "python_version": "3.6"
        },
        "sources": [
            {
                "name": "pypi",
                "url": "https://pypi.python.org/simple",
                "verify_ssl": true
            }
        ]
    },
    "default": {
        "absl-py": {
            "hashes": [
                "sha256:5d15f85b8cc859c6245bc9886ba664460ed96a6fee895416caa37d669ee74a9a",
                "sha256:f568809938c49abbda89826223c992b630afd23c638160ad7840cfe347710d97"
            ],
            "markers": "python_version >= '3.6'",
            "version": "==1.2.0"
        },
        "astor": {
            "hashes": [
                "sha256:070a54e890cefb5b3739d19f30f5a5ec840ffc9c50ffa7d23cc9fc1a38ebbfc5",
                "sha256:6a6effda93f4e1ce9f618779b2dd1d9d84f1e32812c23a29b3fff6fd7f63fa5e"
            ],
            "markers": "python_version >= '2.7' and python_version not in '3.0, 3.1, 3.2, 3.3'",
            "version": "==0.8.1"
        },
        "colored": {
            "hashes": [
                "sha256:8296ea990e3f6b7822f44eec21408b126dfb9c1c031306b859e3f7d46cc27075"
            ],
            "index": "pypi",
            "version": "==1.3.93"
        },
        "coloredlogs": {
            "hashes": [
                "sha256:34fad2e342d5a559c31b6c889e8d14f97cb62c47d9a2ae7b5ed14ea10a79eff8",
                "sha256:b869a2dda3fa88154b9dd850e27828d8755bfab5a838a1c97fbc850c6e377c36"
            ],
            "index": "pypi",
            "version": "==10.0"
        },
        "dataclasses": {
            "hashes": [
                "sha256:0201d89fa866f68c8ebd9d08ee6ff50c0b255f8ec63a71c16fda7af82bb887bf",
                "sha256:8479067f342acf957dc82ec415d355ab5edb7e7646b90dc6e2fd1d96ad084c97"
            ],
            "markers": "python_version < '3.7'",
            "version": "==0.8"
        },
        "future": {
            "hashes": [
                "sha256:b1bead90b70cf6ec3f0710ae53a525360fa360d306a86583adc6bf83a4db537d"
            ],
            "markers": "python_version >= '2.6' and python_version not in '3.0, 3.1, 3.2, 3.3'",
            "version": "==0.18.2"
        },
        "gast": {
            "hashes": [
                "sha256:211aac1e58c167b25d3504998f2db694454a24bb1fb1225bce99420166f21d6a",
                "sha256:cfbea25820e653af9c7d1807f659ce0a0a9c64f2439421a7bba4f0983f532dea"
            ],
            "markers": "python_version >= '2.7' and python_version not in '3.0, 3.1, 3.2, 3.3'",
            "version": "==0.5.3"
        },
        "grpcio": {
            "hashes": [
                "sha256:0802b080b6b8603a065e505ce83190b6a06229b9a74d0a1681175271ac84fe12",
                "sha256:0bfb637344442b273b698ff425d735a5d806ca8715f988875ad669277fb9b1e6",
                "sha256:104b555e1cb2e0614f05c1def24eb8bb06f1277460058aa0f9c9e6a1018716da",
                "sha256:110028e0b9c346230ae69b8a6d8b25d4d43bfd37bda61a8ec46486da1e781dcb",
                "sha256:13c3b69f8efb214a54f48e8dd1e235a4d8d22fa985f32a9b2844373993c5a605",
                "sha256:199526758f6f8d35a596c610f33ea76faae65ec175dc109e8481ea3404d8527c",
                "sha256:1e2dc213fe71566efbf9a5d704c665ff4b1760a88d37f8533b19ca92776070c9",
                "sha256:1fea4cb4368dd0467eb2d208e2d5e3c4f0be28fe33965d45ac9e1d562be67a8c",
                "sha256:26ed6d07f91ce8aeb4697b7e71d930355282ec80acb7a488f4030a3a75c2f7a8",
                "sha256:2bb1df2920a4968f0c09041b49e591df96f2e6f801f15eed3821c1f16a12f1a8",
                "sha256:2d99fb56c7e836f165828719c3695d3d27ac70b103ab52226f7a7c237e4a3928",
                "sha256:2f185b8c5130663c455f6542906ce99f046608e94950c8b354aa22462c202c2d",
                "sha256:3463256399158e9abf115620994e968db8f003224c36bda0d14570eab8a44cfc",
                "sha256:3d3225d477663c27b9051546a32551babd1ccb80192905e08340264deccc975b",
                "sha256:3f52ef5ba7a8bc334daa87675838d6dafda7d8a116a72b567b8351e561ace498",
                "sha256:47ace91631176efa575c7a34d5004286288f1af1e9de2ff380d1433f241aeed4",
                "sha256:514392a30a275f4f719c2e05ea969c239e5f03eec4a25965852c7582073d8b94",
                "sha256:550b08dfa938e30ffbc1652193cf2877906aa6242d6ba9f61318dc87fcecee63",
                "sha256:5571cb828d694b34a7c75484722803e13a2f5e4760e47ae32fb077c83d0c9b2c",
                "sha256:5792943481d4270b3e9a4700af0eea86e7183f4d3c250a46e0b357949cc09411",
                "sha256:665141b3a97b7d22978c8d2ba0c0af7f67bd6d7a56889c5c0aa715d04009b518",
                "sha256:6affa7e685edbb7421f942296eb618359362e89e641bcf46779c6ec7b944d275",
                "sha256:6f693da8ffd2486c354c90ba5a8ca0f4c50bfb8853495501884cadc152551360",
                "sha256:855c125e8cd1c3ab09a239689c940d26c30680edf2edf87c3c1543bd8633cc8f",
                "sha256:894c5f02c25c83c2320310521a82978b4e252ee18b99a5c4c564d73daeb5c1de",
                "sha256:8d130f666463e4d09a63ff033a6c5cd032867fd51a0db4660c18106aa352be3a",
                "sha256:90e5da224c6b9b23658adf6f36de6f435ef7dbcc9c5c12330314d70d6f8de1f7",
                "sha256:9dc08baa1b28749e90428aaa16e038e8c389d8ccb843ddc0dc8b95231640b432",
                "sha256:a760ef87fde9a8f2761c7ad8ccf617fc590547ed743a9207fe7e367496164c60",
                "sha256:abee7dd82443b2cd128004e053b263a6d7256d570df80956a974634b8c5bc121",
                "sha256:b860e13c112bb9cb44007ef02853a19397d915b31c42dfa18570448bdc0a6245",
                "sha256:b8768daa636e0fa48fec75517bea65ce8fdaca0066dc411fc0a2290d92032f91",
                "sha256:b8ec07dcc1cbd77b8c09dfc0ce6274920cb7b09cc04013110971d95d8bcc0bbf",
                "sha256:c19d6f337860f382ceaa35c5acab439d84c5ffaa8baba36df1f83ab6b9ac4bd3",
                "sha256:c92b5ef64cd5a0c6aea82dd6862fdb8a1562510d537ea3c356a7fe60db7021af",
                "sha256:cebeed160466a1e254eb75e7e1bbeeb1359c50b33a1b8f3b2241a8b8dc9bd216",
                "sha256:d7b1a3a75c34ab39c9df73aa9fecc519dc1035e588a41af19f39b1298a283a57",
                "sha256:d7ec6b04875a5065d04ad86cd2678ca6431dec868c01d731b8233f3de155bfdf",
                "sha256:dc00681d546cae66e9d54451f650fe140f9e1aca2dc4f8c9686cfaa4dd5d680b",
                "sha256:e48595440dc86e13245aec7c096238db12b659e5ae6078aecf99d66befb77678",
                "sha256:e69a5907a2a4cf0011ff46205b6bff8f56b8391436acc3c66b70ce8519578d7e",
                "sha256:ec2dd9f7ab0c809af6b2c65ed31c3cbef2ca9695f7f4d49866ec4707e7836890",
                "sha256:f1d2cd5b1adecbcffee4ad6613f100e0b583ae2e253d2f8f685e7770ec72d622",
                "sha256:f3c0d0995a0cd8c7198cb49b8ce98b4936c5a70109f9246c58e69c898e4f7329",
                "sha256:f5697e4ab90a41a6a1202c1a3ec268a0d69f1cd127a4940d2b2521a0fbc1277b",
                "sha256:f6afd1f4b5e0ec320fb2b027a646944fee8b58ba00fb43d081968f77d1a6e925"
            ],
            "markers": "python_version >= '3.6'",
            "version": "==1.48.2"
        },
        "humanfriendly": {
            "hashes": [
                "sha256:1697e1a8a8f550fd43c2865cd84542fc175a61dcb779b6fee18cf6b6ccba1477",
                "sha256:6b0b831ce8f15f7300721aa49829fc4e83921a9a301cc7f606be6686a2288ddc"
            ],
            "markers": "python_version >= '2.7' and python_version not in '3.0, 3.1, 3.2, 3.3, 3.4'",
            "version": "==10.0"
        },
        "importlib-metadata": {
            "hashes": [
                "sha256:65a9576a5b2d58ca44d133c42a241905cc45e34d2c06fd5ba2bafa221e5d7b5e",
                "sha256:766abffff765960fcc18003801f7044eb6755ffae4521c8e8ce8e83b9c9b0668"
            ],
            "markers": "python_version < '3.10'",
            "version": "==4.8.3"
        },
        "markdown": {
            "hashes": [
                "sha256:cbb516f16218e643d8e0a95b309f77eb118cb138d39a4f27851e6a63581db874",
                "sha256:f5da449a6e1c989a4cea2631aa8ee67caa5a2ef855d551c88f9e309f4634c621"
            ],
            "markers": "python_version >= '3.6'",
            "version": "==3.3.7"
        },
        "numpy": {
            "hashes": [
                "sha256:07379fe0b450f6fd6e5934a9bc015025bb4ce1c8fbed3ca8bef29328b1bc9570",
                "sha256:085afac75bbc97a096744fcfc97a4b321c5a87220286811e85089ae04885acdd",
                "sha256:2d6481c6bdab1c75affc0fc71eb1bd4b3ecef620d06f2f60c3f00521d54be04f",
                "sha256:2df854df882d322d5c23087a4959e145b953dfff2abe1774fec4f639ac2f3160",
                "sha256:381ad13c30cd1d0b2f3da8a0c1a4aa697487e8bb0e9e0cbeb7439776bcb645f8",
                "sha256:385f1ce46e08676505b692bfde918c1e0b350963a15ef52d77691c2cf0f5dbf6",
                "sha256:4130e5ae16c656b7de654dc5e595cfeb85d3a4b0bb0734d19c0dce6dc7ee0e07",
                "sha256:4d278c2261be6423c5e63d8f0ceb1b0c6db3ff83f2906f4b860db6ae99ca1bb5",
                "sha256:51c5dcb51cf88b34b7d04c15f600b07c6ccbb73a089a38af2ab83c02862318da",
                "sha256:589336ba5199c8061239cf446ee2f2f1fcc0c68e8531ee1382b6fc0c66b2d388",
                "sha256:5ae3564cb630e155a650f4f9c054589848e97836bebae5637240a0d8099f817b",
                "sha256:5edf1acc827ed139086af95ce4449b7b664f57a8c29eb755411a634be280d9f2",
                "sha256:6b82b81c6b3b70ed40bc6d0b71222ebfcd6b6c04a6e7945a936e514b9113d5a3",
                "sha256:6c57f973218b776195d0356e556ec932698f3a563e2f640cfca7020086383f50",
                "sha256:758d1091a501fd2d75034e55e7e98bfd1370dc089160845c242db1c760d944d9",
                "sha256:8622db292b766719810e0cb0f62ef6141e15fe32b04e4eb2959888319e59336b",
                "sha256:8b8dcfcd630f1981f0f1e3846fae883376762a0c1b472baa35b145b911683b7b",
                "sha256:91fdd510743ae4df862dbd51a4354519dd9fb8941347526cd9c2194b792b3da9",
                "sha256:97fa8f1dceffab782069b291e38c4c2227f255cdac5f1e3346666931df87373e",
                "sha256:9b705f18b26fb551366ab6347ba9941b62272bf71c6bbcadcd8af94d10535241",
                "sha256:9d69967673ab7b028c2df09cae05ba56bf4e39e3cb04ebe452b6035c3b49848e",
                "sha256:9e1f53afae865cc32459ad211493cf9e2a3651a7295b7a38654ef3d123808996",
                "sha256:a4a433b3a264dbc9aa9c7c241e87c0358a503ea6394f8737df1683c7c9a102ac",
                "sha256:baadc5f770917ada556afb7651a68176559f4dca5f4b2d0947cd15b9fb84fb51",
                "sha256:c725d11990a9243e6ceffe0ab25a07c46c1cc2c5dc55e305717b5afe856c9608",
                "sha256:d696a8c87315a83983fc59dd27efe034292b9e8ad667aeae51a68b4be14690d9",
                "sha256:e1864a4e9f93ddb2dc6b62ccc2ec1f8250ff4ac0d3d7a15c8985dd4e1fbd6418",
                "sha256:e1d18421a7e2ad4a655b76e65d549d4159f8874c18a417464c1d439ee7ccc7cd"
            ],
            "index": "pypi",
            "version": "==1.14.5"
        },
        "protobuf": {
            "hashes": [
                "sha256:0c44e01f74109decea196b5b313b08edb5316df77313995594a6981e95674259",
                "sha256:15cdecb0d192ab5f17cdc21a9c0ae7b5c6c4451e42c8a888a4f3344c190e369c",
                "sha256:196a153e487c0e20d62259872bbf2e1c4fa18e2ce97e20984fcbf9d8b151058d",
                "sha256:3149c373e9b7ce296bb24d42a3eb677d620185b5dff2c390b2cf57baf79afdc1",
                "sha256:370a6b885e94adda021d4cbe43accdfbf6a02af651a0be337a28906a3fa77f3d",
                "sha256:474247630834f93214fafce49d2ee6ff4c036c8c5382b88432b7eae6f08f131b",
                "sha256:6380aae2683d0d1b41199e591c8ba06f867e8a778d44309af87073c1b34a9f3a",
                "sha256:6741d7d1cfcbdd6cf610f38b7976cf8c0b41022203555298925e4061b6616608",
                "sha256:700787cb56b4cb7b8ed5f7d197b9d8f30080f257f3c7431eec1fdd8060660929",
                "sha256:8117b52c2531e4033f7d02b9be5a78564da41a8b02c255e1b731ad4bd75e7dc0",
                "sha256:850da2072d98c6e576b7eb29734cdde6fd9f5d157e43d7818d79f4b373ef5d51",
                "sha256:85d1fb5ff1d638a0045bbe4f01a8f287023aa4f2b29011445b1be0edc74a2103",
                "sha256:93bca9aaeee8008e15696c2a6b5e56b992da03f9d237ff54310e397d635f8305",
                "sha256:98d414513ec44bb3ba77ebdeffcbbe6ebbf3630c767d37a285890c2414fdd4e2",
                "sha256:a7f91a4e5bf3cc58b2830c9cb01b04ac5e211c288048e9296cd407ec0455fb89",
                "sha256:abbcb8ecd19cfb729b9b71f9a453e37c0c1c017be4bff47804ff25150685386d",
                "sha256:b03966ca4d1aa7850f5bf0d841c22a8eeb6ce091f77e585ffeb8b95a6b0a96c4",
                "sha256:cde2a73b03049b904dbc5d0f500b97e11abb4109dbe2940e6a1595e2eef4e8a9",
                "sha256:d52a687e2c74c40f45abd6906f833d4e40f0f8cfa4226a80e4695fedafe6c57e",
                "sha256:e68ad00695547d9397dd14abd3efba23cb31cef67228f4512d41396971889812",
                "sha256:e9bffd52d6ee039a1cafb72475b2900c6fd0f0dca667fb7a09af0a3e119e78cb"
            ],
            "index": "pypi",
            "version": "==3.18.3"
        },
        "python-json-logger": {
            "hashes": [
                "sha256:a292e22c5e03105a05a746ade6209d43db1c4c763b91c75c8486e81d10904d85",
                "sha256:e3636824d35ba6a15fc39f573588cba63cf46322a5dc86fb2f280229077e9fbe"
            ],
            "index": "pypi",
            "version": "==0.1.9"
        },
        "pyyaml": {
            "hashes": [
                "sha256:3d7da3009c0f3e783b2c873687652d83b1bbfd5c88e9813fb7e5b03c0dd3108b",
                "sha256:3ef3092145e9b70e3ddd2c7ad59bdd0252a94dfe3949721633e41344de00a6bf",
                "sha256:40c71b8e076d0550b2e6380bada1f1cd1017b882f7e16f09a65be98e017f211a",
                "sha256:558dd60b890ba8fd982e05941927a3911dc409a63dcb8b634feaa0cda69330d3",
                "sha256:a7c28b45d9f99102fa092bb213aa12e0aaf9a6a1f5e395d36166639c1f96c3a1",
                "sha256:aa7dd4a6a427aed7df6fb7f08a580d68d9b118d90310374716ae90b710280af1",
                "sha256:bc558586e6045763782014934bfaf39d48b8ae85a2713117d16c39864085c613",
                "sha256:d46d7982b62e0729ad0175a9bc7e10a566fc07b224d2c79fafb5e032727eaa04",
                "sha256:d5eef459e30b09f5a098b9cea68bebfeb268697f78d647bd255a085371ac7f3f",
                "sha256:e01d3203230e1786cd91ccfdc8f8454c8069c91bee3962ad93b87a4b2860f537",
                "sha256:e170a9e6fcfd19021dd29845af83bb79236068bf5fd4df3327c1be18182b2531"
            ],
            "index": "pypi",
            "version": "==3.13"
        },
        "setuptools": {
            "hashes": [
                "sha256:0cb8b8625bfdcc2d43ea4b9cdba0b39b2b7befc04f3088897031082aa16ce186",
                "sha256:c5484e13b89927b44fd15897f7ce19dded8e7f035466a4fa7b946c0bdd86edd7"
            ],
            "markers": "python_version >= '2.7' and python_version not in '3.0, 3.1, 3.2, 3.3'",
            "version": "==39.1.0"
        },
        "six": {
            "hashes": [
                "sha256:1e61c37477a1626458e36f7b1d82aa5c9b094fa4802892072e49de9c60c4c926",
                "sha256:8abb2f1d86890a2dfb989f9a77cfcfd3e47c2a354b01111771326f8aa26e0254"
            ],
            "markers": "python_version >= '2.7' and python_version not in '3.0, 3.1, 3.2, 3.3'",
            "version": "==1.16.0"
        },
        "tableprint": {
            "hashes": [
                "sha256:61d2d0f9c94dc3e5f0d2611651534d2e603081cb32bac30931a872838863de74",
                "sha256:7580e195e961de18b29c933e8148abcd929e81e36fb1bcbf01022977a8bd86ac"
            ],
            "index": "pypi",
            "version": "==0.8.0"
        },
        "tensorboard": {
            "hashes": [
                "sha256:64edbe66864e02719f85708ae01efe3448af964c042a502fd2046cc87a3b1f12",
                "sha256:e4ea6ac2e47bf715b915f08a186e6205fa097318bd73f0b265d437b1d7834484"
            ],
            "markers": "python_version >= '2.7' and python_version not in '3.0, 3.1, 3.2, 3.3'",
            "version": "==1.10.0"
        },
        "tensorflow": {
            "hashes": [
                "sha256:0b00e62c7f13a9935413ef71aa4c251699a0a2715955ee25f6f174bedd201b27",
                "sha256:2aa07a64ea7ec238bc734c82f0bb11562c58bdcd61e976ff2076275bfbc9ab42",
                "sha256:452b9547dd69c2e264263f651f11e5aca60dd911cddbc6cf34a01137fd39505a",
                "sha256:4d95038155cf3c95d3d92aaf494442aaa8f787a87f82d889d8305579b554ab45",
                "sha256:5bb2d1ff4321dda724885be8167ace3bf716708c8aff21bd622e047801915eb2",
                "sha256:6f9aa4282a8890d79b83f2f55a2429675f2d0881964248a8d8838e761773e170",
                "sha256:7344ea4207f25dccfd8fdd6da2283930190a34a90d301636b7281785c148682c",
                "sha256:7c99f379fcc2fc8cf776471006947115996bbd985d6ee41aa26058f58bf4273e",
                "sha256:814d717b68b83476a2bd3b5fba26949786d224770dfc7462d820e390409e5a6b",
                "sha256:92b166baf82b1c5962d2661e9d5d01ebcd83d528d0295e48bf9896e5f2875d73",
                "sha256:9eb5d117089b5cfa33c6dd32fd05574662a8167de53b686708b683e4af9bc687",
                "sha256:a0ad5e1e9ccb230fbcbde78cd187b74526db3145899f5c639f453e246c0b80c0"
            ],
            "index": "pypi",
            "version": "==1.10"
        },
        "termcolor": {
            "hashes": [
                "sha256:1d6d69ce66211143803fbc56652b41d73b4a400a2891d7bf7a1cdf4c02de613b"
            ],
            "version": "==1.1.0"
        },
        "tqdm": {
            "hashes": [
                "sha256:18f1818ce951aeb9ea162ae1098b43f583f7d057b34d706f66939353d1208889",
                "sha256:df02c0650160986bac0218bb07952245fc6960d23654648b5d5526ad5a4128c9"
            ],
            "index": "pypi",
            "version": "==4.26.0"
        },
        "typing-extensions": {
            "hashes": [
                "sha256:1a9462dcc3347a79b1f1c0271fbe79e844580bb598bafa1ed208b94da3cdcd42",
                "sha256:21c85e0fe4b9a155d0799430b0ad741cdce7e359660ccbd8b530613e8df88ce2"
            ],
            "markers": "python_version < '3.8'",
            "version": "==4.1.1"
        },
        "urllib3": {
            "hashes": [
                "sha256:a68ac5e15e76e7e5dd2b8f94007233e01effe3e50e8daddf69acfd81cb686baf",
                "sha256:b5725a0bd4ba422ab0e66e89e030c806576753ea3ee08554382c14e685d117b5"
            ],
            "index": "pypi",
            "version": "==1.23"
        },
        "wcwidth": {
            "hashes": [
                "sha256:beb4802a9cebb9144e99086eff703a642a13d6a0052920003a230f3294bbe784",
                "sha256:c4d647b99872929fdb7bdcaa4fbe7f01413ed3d98077df798530e5b04f116c83"
            ],
            "version": "==0.2.5"
        },
        "werkzeug": {
            "hashes": [
                "sha256:1421ebfc7648a39a5c58c601b154165d05cf47a3cd0ccb70857cbdacf6c8f2b8",
                "sha256:b863f8ff057c522164b6067c9e28b041161b4be5ba4d0daceeaa50a163822d3c"
            ],
            "markers": "python_version >= '3.6'",
            "version": "==2.0.3"
        },
        "wheel": {
            "hashes": [
                "sha256:4bdcd7d840138086126cd09254dc6195fb4fc6f01c050a1d7236f2630db1d22a",
                "sha256:e9a504e793efbca1b8e0e9cb979a249cf4a0a7b5b8c9e8b65a5e39d49529c1c4"
            ],
            "markers": "python_version >= '2.7' and python_version not in '3.0, 3.1, 3.2, 3.3, 3.4'",
            "version": "==0.37.1"
        },
        "zipp": {
            "hashes": [
                "sha256:71c644c5369f4a6e07636f0aa966270449561fcea2e3d6747b8d23efaa9d7832",
                "sha256:9fe5ea21568a0a70e50f273397638d39b03353731e6cbbb3fd8502a33fec40bc"
            ],
            "markers": "python_version >= '3.6'",
            "version": "==3.6.0"
        }
    },
    "develop": {}
}
